// !$*UTF8*$!
{
	archiveVersion = 1;
	classes = {
	};
	objectVersion = 56;
	objects = {

/* Begin PBXBuildFile section */
		8A6FA1488FFA29479815A12B /* ContentView.swift in Sources */ = {isa = PBXBuildFile; fileRef = 38F5B51E251A597743BA391D /* ContentView.swift */; };
		A90DBB0F66BACEA90B367621 /* AppDataStore.swift in Sources */ = {isa = PBXBuildFile; fileRef = 3AFFEA54C55BF9BB3C69D29C /* AppDataStore.swift */; };
		32C38A026234D3F3F887C3DC /* Models.swift in Sources */ = {isa = PBXBuildFile; fileRef = 659B2FE377B18F4839E8AE8F /* Models.swift */; };
		0599547094A41499F4BA8779 /* PersonalOverviewApp.swift in Sources */ = {isa = PBXBuildFile; fileRef = 439C6DF836DC4D3CC7679E1A /* PersonalOverviewApp.swift */; };
		19625311A886E1F39441D58C /* AnalyzeBrief.swift in Sources */ = {isa = PBXBuildFile; fileRef = 7B2DF081BD716C4412C70878 /* AnalyzeBrief.swift */; };
		E12650220CE88EB0A9DDD605 /* KeychainHelper.swift in Sources */ = {isa = PBXBuildFile; fileRef = 367AAC64B5087CCCFB212832 /* KeychainHelper.swift */; };
		1F73B1A6A7A9A2F5115D76D4 /* PortfolioCalc.swift in Sources */ = {isa = PBXBuildFile; fileRef = EB72413364D811C0B10AD2C2 /* PortfolioCalc.swift */; };
		38AC45F87B0C9DE01783549F /* QuoteService.swift in Sources */ = {isa = PBXBuildFile; fileRef = 57DB0484EDB2A82ED10C1B12 /* QuoteService.swift */; };
		3723FA258A0044CD3853406B /* SeedLoader.swift in Sources */ = {isa = PBXBuildFile; fileRef = 977FF005E7D83EF6B612EE0C /* SeedLoader.swift */; };
		7BC00B292FA13559B8405E0C /* Theme.swift in Sources */ = {isa = PBXBuildFile; fileRef = 3BBAD7B6CBF272320A0986FB /* Theme.swift */; };
		C2CF706CE01A240EA1625031 /* AlertsView.swift in Sources */ = {isa = PBXBuildFile; fileRef = 62AEEDC1F51AD884EC20C71F /* AlertsView.swift */; };
		081042B0444DFA82CA13459D /* BookView.swift in Sources */ = {isa = PBXBuildFile; fileRef = 6F54AAEEBCE9DD8D5E316D0D /* BookView.swift */; };
		849ECF8447897D20370AD2F0 /* CandidatesView.swift in Sources */ = {isa = PBXBuildFile; fileRef = A2F554A64EC508EF19240210 /* CandidatesView.swift */; };
		F4D5414A0738A0D02E3309CE /* HoldingDetailView.swift in Sources */ = {isa = PBXBuildFile; fileRef = 2A42AF902D1B37F82B7629A6 /* HoldingDetailView.swift */; };
		1085BC7D0D616967292670EF /* MainTabView.swift in Sources */ = {isa = PBXBuildFile; fileRef = 7EAFA1A4F7672F51DA076432 /* MainTabView.swift */; };
		8F869BB1AB88DBAF046BE015 /* PinGateView.swift in Sources */ = {isa = PBXBuildFile; fileRef = 3F0830BF6CF333BFFA8A0055 /* PinGateView.swift */; };
		13FC320ACBDC9029B2FDFB54 /* SettingsView.swift in Sources */ = {isa = PBXBuildFile; fileRef = 99CD2EC497A2F440C0026F4A /* SettingsView.swift */; };
		3F833E5EE84733AA56CC1FCD /* StanceView.swift in Sources */ = {isa = PBXBuildFile; fileRef = 3D4F88437E205F79C5815DCE /* StanceView.swift */; };
		E7D7AE9831C18467A09986C1 /* SeedData.json in Resources */ = {isa = PBXBuildFile; fileRef = C3A8CBACBEC595FBC3B30BC6 /* SeedData.json */; };
		D95C2E0E44ACA4D25BC59246 /* Assets.xcassets in Resources */ = {isa = PBXBuildFile; fileRef = 4BBB33E2E51FAD6570CF4B94 /* Assets.xcassets */; };
/* End PBXBuildFile section */

/* Begin PBXFileReference section */
		2544E5B1E7659A7BA6F06444 /* PersonalOverview.app */ = {isa = PBXFileReference; explicitFileType = wrapper.application; includeInIndex = 0; path = PersonalOverview.app; sourceTree = BUILT_PRODUCTS_DIR; };
		38F5B51E251A597743BA391D /* ContentView.swift */ = {isa = PBXFileReference; lastKnownFileType = sourcecode.swift; path = ContentView.swift; sourceTree = "<group>"; };
		3AFFEA54C55BF9BB3C69D29C /* AppDataStore.swift */ = {isa = PBXFileReference; lastKnownFileType = sourcecode.swift; path = AppDataStore.swift; sourceTree = "<group>"; };
		659B2FE377B18F4839E8AE8F /* Models.swift */ = {isa = PBXFileReference; lastKnownFileType = sourcecode.swift; path = Models.swift; sourceTree = "<group>"; };
		439C6DF836DC4D3CC7679E1A /* PersonalOverviewApp.swift */ = {isa = PBXFileReference; lastKnownFileType = sourcecode.swift; path = PersonalOverviewApp.swift; sourceTree = "<group>"; };
		7B2DF081BD716C4412C70878 /* AnalyzeBrief.swift */ = {isa = PBXFileReference; lastKnownFileType = sourcecode.swift; path = AnalyzeBrief.swift; sourceTree = "<group>"; };
		367AAC64B5087CCCFB212832 /* KeychainHelper.swift */ = {isa = PBXFileReference; lastKnownFileType = sourcecode.swift; path = KeychainHelper.swift; sourceTree = "<group>"; };
		EB72413364D811C0B10AD2C2 /* PortfolioCalc.swift */ = {isa = PBXFileReference; lastKnownFileType = sourcecode.swift; path = PortfolioCalc.swift; sourceTree = "<group>"; };
		57DB0484EDB2A82ED10C1B12 /* QuoteService.swift */ = {isa = PBXFileReference; lastKnownFileType = sourcecode.swift; path = QuoteService.swift; sourceTree = "<group>"; };
		977FF005E7D83EF6B612EE0C /* SeedLoader.swift */ = {isa = PBXFileReference; lastKnownFileType = sourcecode.swift; path = SeedLoader.swift; sourceTree = "<group>"; };
		3BBAD7B6CBF272320A0986FB /* Theme.swift */ = {isa = PBXFileReference; lastKnownFileType = sourcecode.swift; path = Theme.swift; sourceTree = "<group>"; };
		62AEEDC1F51AD884EC20C71F /* AlertsView.swift */ = {isa = PBXFileReference; lastKnownFileType = sourcecode.swift; path = AlertsView.swift; sourceTree = "<group>"; };
		6F54AAEEBCE9DD8D5E316D0D /* BookView.swift */ = {isa = PBXFileReference; lastKnownFileType = sourcecode.swift; path = BookView.swift; sourceTree = "<group>"; };
		A2F554A64EC508EF19240210 /* CandidatesView.swift */ = {isa = PBXFileReference; lastKnownFileType = sourcecode.swift; path = CandidatesView.swift; sourceTree = "<group>"; };
		2A42AF902D1B37F82B7629A6 /* HoldingDetailView.swift */ = {isa = PBXFileReference; lastKnownFileType = sourcecode.swift; path = HoldingDetailView.swift; sourceTree = "<group>"; };
		7EAFA1A4F7672F51DA076432 /* MainTabView.swift */ = {isa = PBXFileReference; lastKnownFileType = sourcecode.swift; path = MainTabView.swift; sourceTree = "<group>"; };
		3F0830BF6CF333BFFA8A0055 /* PinGateView.swift */ = {isa = PBXFileReference; lastKnownFileType = sourcecode.swift; path = PinGateView.swift; sourceTree = "<group>"; };
		99CD2EC497A2F440C0026F4A /* SettingsView.swift */ = {isa = PBXFileReference; lastKnownFileType = sourcecode.swift; path = SettingsView.swift; sourceTree = "<group>"; };
		3D4F88437E205F79C5815DCE /* StanceView.swift */ = {isa = PBXFileReference; lastKnownFileType = sourcecode.swift; path = StanceView.swift; sourceTree = "<group>"; };
		C3A8CBACBEC595FBC3B30BC6 /* SeedData.json */ = {isa = PBXFileReference; lastKnownFileType = text.json; path = SeedData.json; sourceTree = "<group>"; };
		4BBB33E2E51FAD6570CF4B94 /* Assets.xcassets */ = {isa = PBXFileReference; lastKnownFileType = folder.assetcatalog; path = Assets.xcassets; sourceTree = "<group>"; };
		5C883A782022B05BFB161708 /* Info.plist */ = {isa = PBXFileReference; lastKnownFileType = text.plist.xml; path = Info.plist; sourceTree = "<group>"; };
/* End PBXFileReference section */

/* Begin PBXFrameworksBuildPhase section */
		56D9DEB7209CC2B39E593F03 /* Frameworks */ = {
			isa = PBXFrameworksBuildPhase;
			buildActionMask = 2147483647;
			files = (
			);
			runOnlyForDeploymentPostprocessing = 0;
		};
/* End PBXFrameworksBuildPhase section */

/* Begin PBXGroup section */
		88932FD6DD0EDC80FBF1C921 /*  */ = {
			isa = PBXGroup;
			children = (
				60D86AF7F62818E455EC2D46 /* PersonalOverview */,
				D71BD8A0B6A6AA54EDBA6454 /* Products */,
			);
			sourceTree = "<group>";
		};
		D71BD8A0B6A6AA54EDBA6454 /* Products */ = {
			isa = PBXGroup;
			children = (
				2544E5B1E7659A7BA6F06444 /* PersonalOverview.app */,
			);
			sourceTree = "<group>";
		};
		60D86AF7F62818E455EC2D46 /* PersonalOverview */ = {
			isa = PBXGroup;
			children = (
				38F5B51E251A597743BA391D /* ContentView.swift */,
				439C6DF836DC4D3CC7679E1A /* PersonalOverviewApp.swift */,
				6FCF99A66C09959E90E17228 /* Models */,
				8F56A72923A6CA8FF5346253 /* Views */,
				95AF047AC6B95A9D62D4B0CA /* Services */,
				93D806121BC2F9657F7D3EFF /* Theme */,
				416D585BA20A1E56C2CB6996 /* Resources */,
				4BBB33E2E51FAD6570CF4B94 /* Assets.xcassets */,
				5C883A782022B05BFB161708 /* Info.plist */,
			);
			path = PersonalOverview;
			sourceTree = "<group>";
		};
		6FCF99A66C09959E90E17228 /* Models */ = {
			isa = PBXGroup;
			children = (
				3AFFEA54C55BF9BB3C69D29C /* AppDataStore.swift */,
				659B2FE377B18F4839E8AE8F /* Models.swift */,
			);
			path = Models;
			sourceTree = "<group>";
		};
		8F56A72923A6CA8FF5346253 /* Views */ = {
			isa = PBXGroup;
			children = (
				62AEEDC1F51AD884EC20C71F /* AlertsView.swift */,
				6F54AAEEBCE9DD8D5E316D0D /* BookView.swift */,
				A2F554A64EC508EF19240210 /* CandidatesView.swift */,
				2A42AF902D1B37F82B7629A6 /* HoldingDetailView.swift */,
				7EAFA1A4F7672F51DA076432 /* MainTabView.swift */,
				3F0830BF6CF333BFFA8A0055 /* PinGateView.swift */,
				99CD2EC497A2F440C0026F4A /* SettingsView.swift */,
				3D4F88437E205F79C5815DCE /* StanceView.swift */,
			);
			path = Views;
			sourceTree = "<group>";
		};
		95AF047AC6B95A9D62D4B0CA /* Services */ = {
			isa = PBXGroup;
			children = (
				7B2DF081BD716C4412C70878 /* AnalyzeBrief.swift */,
				367AAC64B5087CCCFB212832 /* KeychainHelper.swift */,
				EB72413364D811C0B10AD2C2 /* PortfolioCalc.swift */,
				57DB0484EDB2A82ED10C1B12 /* QuoteService.swift */,
				977FF005E7D83EF6B612EE0C /* SeedLoader.swift */,
			);
			path = Services;
			sourceTree = "<group>";
		};
		93D806121BC2F9657F7D3EFF /* Theme */ = {
			isa = PBXGroup;
			children = (
				3BBAD7B6CBF272320A0986FB /* Theme.swift */,
			);
			path = Theme;
			sourceTree = "<group>";
		};
		416D585BA20A1E56C2CB6996 /* Resources */ = {
			isa = PBXGroup;
			children = (
				C3A8CBACBEC595FBC3B30BC6 /* SeedData.json */,
			);
			path = Resources;
			sourceTree = "<group>";
		};
/* End PBXGroup section */

/* Begin PBXNativeTarget section */
		730950AD798A77AD508AA9E2 /* PersonalOverview */ = {
			isa = PBXNativeTarget;
			buildConfigurationList = 924DA3E8441E4022822C78B8 /* Build configuration list for PBXNativeTarget "PersonalOverview" */;
			buildPhases = (
				678DFDA984997D39267CB7FC /* Sources */,
				56D9DEB7209CC2B39E593F03 /* Frameworks */,
				85132AF6B5F14319CB4C91EC /* Resources */,
			);
			buildRules = (
			);
			dependencies = (
			);
			name = PersonalOverview;
			productName = PersonalOverview;
			productReference = 2544E5B1E7659A7BA6F06444 /* PersonalOverview.app */;
			productType = "com.apple.product-type.application";
		};
/* End PBXNativeTarget section */

/* Begin PBXProject section */
		1781F676DEDF5767F3243DB0 /* Project object */ = {
			isa = PBXProject;
			attributes = {
				BuildIndependentTargetsInParallel = 1;
				LastSwiftUpdateCheck = 1500;
				LastUpgradeCheck = 1500;
				TargetAttributes = {
					730950AD798A77AD508AA9E2 = {
						CreatedOnToolsVersion = 15.0;
					};
				};
			};
			buildConfigurationList = 632ED0D871C2EB480B4B08BF /* Build configuration list for PBXProject "PersonalOverview" */;
			compatibilityVersion = "Xcode 14.0";
			developmentRegion = en;
			hasScannedForEncodings = 0;
			knownRegions = (
				en,
				Base,
			);
			mainGroup = 88932FD6DD0EDC80FBF1C921;
			productRefGroup = D71BD8A0B6A6AA54EDBA6454 /* Products */;
			projectDirPath = "";
			projectRoot = "";
			targets = (
				730950AD798A77AD508AA9E2 /* PersonalOverview */,
			);
		};
/* End PBXProject section */

/* Begin PBXResourcesBuildPhase section */
		85132AF6B5F14319CB4C91EC /* Resources */ = {
			isa = PBXResourcesBuildPhase;
			buildActionMask = 2147483647;
			files = (
				E7D7AE9831C18467A09986C1 /* SeedData.json in Resources */,
				D95C2E0E44ACA4D25BC59246 /* Assets.xcassets in Resources */,
			);
			runOnlyForDeploymentPostprocessing = 0;
		};
/* End PBXResourcesBuildPhase section */

/* Begin PBXSourcesBuildPhase section */
		678DFDA984997D39267CB7FC /* Sources */ = {
			isa = PBXSourcesBuildPhase;
			buildActionMask = 2147483647;
			files = (
				8A6FA1488FFA29479815A12B /* ContentView.swift in Sources */,
				A90DBB0F66BACEA90B367621 /* AppDataStore.swift in Sources */,
				32C38A026234D3F3F887C3DC /* Models.swift in Sources */,
				0599547094A41499F4BA8779 /* PersonalOverviewApp.swift in Sources */,
				19625311A886E1F39441D58C /* AnalyzeBrief.swift in Sources */,
				E12650220CE88EB0A9DDD605 /* KeychainHelper.swift in Sources */,
				1F73B1A6A7A9A2F5115D76D4 /* PortfolioCalc.swift in Sources */,
				38AC45F87B0C9DE01783549F /* QuoteService.swift in Sources */,
				3723FA258A0044CD3853406B /* SeedLoader.swift in Sources */,
				7BC00B292FA13559B8405E0C /* Theme.swift in Sources */,
				C2CF706CE01A240EA1625031 /* AlertsView.swift in Sources */,
				081042B0444DFA82CA13459D /* BookView.swift in Sources */,
				849ECF8447897D20370AD2F0 /* CandidatesView.swift in Sources */,
				F4D5414A0738A0D02E3309CE /* HoldingDetailView.swift in Sources */,
				1085BC7D0D616967292670EF /* MainTabView.swift in Sources */,
				8F869BB1AB88DBAF046BE015 /* PinGateView.swift in Sources */,
				13FC320ACBDC9029B2FDFB54 /* SettingsView.swift in Sources */,
				3F833E5EE84733AA56CC1FCD /* StanceView.swift in Sources */,
			);
			runOnlyForDeploymentPostprocessing = 0;
		};
/* End PBXSourcesBuildPhase section */

/* Begin XCBuildConfiguration section */
		AA9B200EFF6EEE33375B2829 /* Debug */ = {
			isa = XCBuildConfiguration;
			buildSettings = {
				ALWAYS_SEARCH_USER_PATHS = NO;
				CLANG_ENABLE_MODULES = YES;
				CLANG_ENABLE_OBJC_ARC = YES;
				COPY_PHASE_STRIP = NO;
				DEBUG_INFORMATION_FORMAT = dwarf;
				GCC_DYNAMIC_NO_PIC = NO;
				GCC_OPTIMIZATION_LEVEL = 0;
				ONLY_ACTIVE_ARCH = YES;
				SWIFT_ACTIVE_COMPILATION_CONDITIONS = DEBUG;
				SWIFT_OPTIMIZATION_LEVEL = "-Onone";
				IPHONEOS_DEPLOYMENT_TARGET = 17.0;
				SDKROOT = iphoneos;
			};
			name = Debug;
		};
		E39BAAC6BF4827295B4692BE /* Release */ = {
			isa = XCBuildConfiguration;
			buildSettings = {
				ALWAYS_SEARCH_USER_PATHS = NO;
				CLANG_ENABLE_MODULES = YES;
				CLANG_ENABLE_OBJC_ARC = YES;
				COPY_PHASE_STRIP = NO;
				DEBUG_INFORMATION_FORMAT = dwarf;
				SWIFT_COMPILATION_MODE = wholemodule;
				SWIFT_OPTIMIZATION_LEVEL = "-O";
				IPHONEOS_DEPLOYMENT_TARGET = 17.0;
				SDKROOT = iphoneos;
			};
			name = Release;
		};
		FB6C266D99F6AE4F5EDF44B0 /* Debug */ = {
			isa = XCBuildConfiguration;
			buildSettings = {
				ASSETCATALOG_COMPILER_APPICON_NAME = AppIcon;
				ASSETCATALOG_COMPILER_GLOBAL_ACCENT_COLOR_NAME = AccentColor;
				CODE_SIGN_STYLE = Automatic;
				CURRENT_PROJECT_VERSION = 1;
				DEVELOPMENT_TEAM = "";
				ENABLE_PREVIEWS = YES;
				GENERATE_INFOPLIST_FILE = NO;
				INFOPLIST_FILE = PersonalOverview/Info.plist;
				INFOPLIST_KEY_CFBundleDisplayName = "Personal Overview";
				INFOPLIST_KEY_UIApplicationSceneManifest_Generation = YES;
				INFOPLIST_KEY_UILaunchScreen_Generation = YES;
				INFOPLIST_KEY_UISupportedInterfaceOrientations_iPhone = UIInterfaceOrientationPortrait;
				LD_RUNPATH_SEARCH_PATHS = (
					"$(inherited)",
					"@executable_path/Frameworks",
				);
				MARKETING_VERSION = 1.0;
				PRODUCT_BUNDLE_IDENTIFIER = com.lavranss.PersonalOverview;
				PRODUCT_NAME = "$(TARGET_NAME)";
				SUPPORTED_PLATFORMS = "iphoneos iphonesimulator";
				SUPPORTS_MACCATALYST = NO;
				SWIFT_EMIT_LOC_STRINGS = YES;
				SWIFT_VERSION = 5.0;
				TARGETED_DEVICE_FAMILY = "1,2";
				IPHONEOS_DEPLOYMENT_TARGET = 17.0;
			};
			name = Debug;
		};
		9BBAF5CD5F6CC5513091CC45 /* Release */ = {
			isa = XCBuildConfiguration;
			buildSettings = {
				ASSETCATALOG_COMPILER_APPICON_NAME = AppIcon;
				ASSETCATALOG_COMPILER_GLOBAL_ACCENT_COLOR_NAME = AccentColor;
				CODE_SIGN_STYLE = Automatic;
				CURRENT_PROJECT_VERSION = 1;
				DEVELOPMENT_TEAM = "";
				ENABLE_PREVIEWS = YES;
				GENERATE_INFOPLIST_FILE = NO;
				INFOPLIST_FILE = PersonalOverview/Info.plist;
				INFOPLIST_KEY_CFBundleDisplayName = "Personal Overview";
				INFOPLIST_KEY_UIApplicationSceneManifest_Generation = YES;
				INFOPLIST_KEY_UILaunchScreen_Generation = YES;
				INFOPLIST_KEY_UISupportedInterfaceOrientations_iPhone = UIInterfaceOrientationPortrait;
				LD_RUNPATH_SEARCH_PATHS = (
					"$(inherited)",
					"@executable_path/Frameworks",
				);
				MARKETING_VERSION = 1.0;
				PRODUCT_BUNDLE_IDENTIFIER = com.lavranss.PersonalOverview;
				PRODUCT_NAME = "$(TARGET_NAME)";
				SUPPORTED_PLATFORMS = "iphoneos iphonesimulator";
				SUPPORTS_MACCATALYST = NO;
				SWIFT_EMIT_LOC_STRINGS = YES;
				SWIFT_VERSION = 5.0;
				TARGETED_DEVICE_FAMILY = "1,2";
				IPHONEOS_DEPLOYMENT_TARGET = 17.0;
			};
			name = Release;
		};
/* End XCBuildConfiguration section */

/* Begin XCConfigurationList section */
		632ED0D871C2EB480B4B08BF /* Build configuration list for PBXProject "PersonalOverview" */ = {
			isa = XCConfigurationList;
			buildConfigurations = (
				AA9B200EFF6EEE33375B2829 /* Debug */,
				E39BAAC6BF4827295B4692BE /* Release */,
			);
			defaultConfigurationIsVisible = 0;
			defaultConfigurationName = Release;
		};
		924DA3E8441E4022822C78B8 /* Build configuration list for PBXNativeTarget "PersonalOverview" */ = {
			isa = XCConfigurationList;
			buildConfigurations = (
				FB6C266D99F6AE4F5EDF44B0 /* Debug */,
				9BBAF5CD5F6CC5513091CC45 /* Release */,
			);
			defaultConfigurationIsVisible = 0;
			defaultConfigurationName = Release;
		};
/* End XCConfigurationList section */
	};
	rootObject = 1781F676DEDF5767F3243DB0 /* Project object */;
}
